
Microsoft Visual Studio Solution File, Format Version 12.00
# Visual Studio Version 17
VisualStudioVersion = 17.5.33516.290
MinimumVisualStudioVersion = 10.0.40219.1
Project("{FAE04EC0-301F-11D3-BF4B-00C04F79EFBC}") = "PracticeWeb", "PracticeWeb.csproj", "{7CDCBCF1-187D-481F-A0F6-CAC543C0C88B}"
EndProject
Global
	GlobalSection(SolutionConfigurationPlatforms) = preSolution
		Debug|Any CPU = Debug|Any CPU
		Release|Any CPU = Release|Any CPU
	EndGlobalSection
	GlobalSection(ProjectConfigurationPlatforms) = postSolution
		{7CDCBCF1-187D-481F-A0F6-CAC543C0C88B}.Debug|Any CPU.ActiveCfg = Debug|Any CPU
		{7CDCBCF1-187D-481F-A0F6-CAC543C0C88B}.Debug|Any CPU.Build.0 = Debug|Any CPU
		{7CDCBCF1-187D-481F-A0F6-CAC543C0C88B}.Release|Any CPU.ActiveCfg = Release|Any CPU
		{7CDCBCF1-187D-481F-A0F6-CAC543C0C88B}.Release|Any CPU.Build.0 = Release|Any CPU
	EndGlobalSection
	GlobalSection(SolutionProperties) = preSolution
		HideSolutionNode = FALSE
	EndGlobalSection
	GlobalSection(ExtensibilityGlobals) = postSolution
		SolutionGuid = {EABB96E7-E8B4-4047-8BA0-5658D5B84EE6}
	EndGlobalSection
EndGlobal
